
Microsoft Visual Studio Solution File, Format Version 12.00
# Visual Studio Version 16
VisualStudioVersion = 16.0.30804.86
MinimumVisualStudioVersion = 10.0.40219.1
Project("{FAE04EC0-301F-11D3-BF4B-00C04F79EFBC}") = "Petshop.Api", "Petshop.Api\Petshop.Api.csproj", "{1E79FD7C-F9D6-4339-88F8-B89B964A848B}"
EndProject
Global
	GlobalSection(SolutionConfigurationPlatforms) = preSolution
		Debug|Any CPU = Debug|Any CPU
		Release|Any CPU = Release|Any CPU
	EndGlobalSection
	GlobalSection(ProjectConfigurationPlatforms) = postSolution
		{1E79FD7C-F9D6-4339-88F8-B89B964A848B}.Debug|Any CPU.ActiveCfg = Debug|Any CPU
		{1E79FD7C-F9D6-4339-88F8-B89B964A848B}.Debug|Any CPU.Build.0 = Debug|Any CPU
		{1E79FD7C-F9D6-4339-88F8-B89B964A848B}.Release|Any CPU.ActiveCfg = Release|Any CPU
		{1E79FD7C-F9D6-4339-88F8-B89B964A848B}.Release|Any CPU.Build.0 = Release|Any CPU
	EndGlobalSection
	GlobalSection(SolutionProperties) = preSolution
		HideSolutionNode = FALSE
	EndGlobalSection
	GlobalSection(ExtensibilityGlobals) = postSolution
		SolutionGuid = {966E93DF-F182-44A9-BFA3-AA40043B0895}
	EndGlobalSection
EndGlobal
